{
  "version": 4,
  "terraform_version": "0.13.4",
  "serial": 375,
  "lineage": "38eb13a9-00b1-7117-43bd-22d537a298ce",
  "outputs": {},
  "resources": [
    {
      "mode": "managed",
      "type": "google_compute_global_address",
      "name": "private_ip_address",
      "provider": "provider[\"registry.terraform.io/hashicorp/google\"]",
      "instances": [
        {
          "schema_version": 0,
          "attributes": {
            "address": "10.0.1.0",
            "address_type": "INTERNAL",
            "creation_timestamp": "2021-07-08T07:32:41.011-07:00",
            "description": "",
            "id": "projects/gcp-gcpsafecloud-nprd-40978/global/addresses/dbsubnet",
            "ip_version": "",
            "name": "dbsubnet",
            "network": "https://www.googleapis.com/compute/v1/projects/gcp-gcpsafecloud-nprd-40978/global/networks/safe-vpc-network",
            "prefix_length": 24,
            "project": "gcp-gcpsafecloud-nprd-40978",
            "purpose": "VPC_PEERING",
            "self_link": "https://www.googleapis.com/compute/v1/projects/gcp-gcpsafecloud-nprd-40978/global/addresses/dbsubnet",
            "timeouts": null
          },
          "private": "eyJlMmJmYjczMC1lY2FhLTExZTYtOGY4OC0zNDM2M2JjN2M0YzAiOnsiY3JlYXRlIjoyNDAwMDAwMDAwMDAsImRlbGV0ZSI6MjQwMDAwMDAwMDAwfX0=",
          "dependencies": [
            "google_compute_network.safe-vpc-network"
          ]
        }
      ]
    },
    {
      "mode": "managed",
      "type": "google_compute_network",
      "name": "safe-vpc-network",
      "provider": "provider[\"registry.terraform.io/hashicorp/google\"]",
      "instances": [
        {
          "schema_version": 0,
          "attributes": {
            "auto_create_subnetworks": false,
            "delete_default_routes_on_create": false,
            "description": "",
            "gateway_ipv4": "",
            "id": "projects/gcp-gcpsafecloud-nprd-40978/global/networks/safe-vpc-network",
            "mtu": 0,
            "name": "safe-vpc-network",
            "project": "gcp-gcpsafecloud-nprd-40978",
            "routing_mode": "REGIONAL",
            "self_link": "https://www.googleapis.com/compute/v1/projects/gcp-gcpsafecloud-nprd-40978/global/networks/safe-vpc-network",
            "timeouts": null
          },
          "private": "eyJlMmJmYjczMC1lY2FhLTExZTYtOGY4OC0zNDM2M2JjN2M0YzAiOnsiY3JlYXRlIjoyNDAwMDAwMDAwMDAsImRlbGV0ZSI6MjQwMDAwMDAwMDAwLCJ1cGRhdGUiOjI0MDAwMDAwMDAwMH19"
        }
      ]
    },
    {
      "mode": "managed",
      "type": "google_service_networking_connection",
      "name": "private_vpc_connection",
      "provider": "provider[\"registry.terraform.io/hashicorp/google\"]",
      "instances": [
        {
          "schema_version": 0,
          "attributes": {
            "id": "projects%2Fgcp-gcpsafecloud-nprd-40978%2Fglobal%2Fnetworks%2Fsafe-vpc-network:servicenetworking.googleapis.com",
            "network": "projects/gcp-gcpsafecloud-nprd-40978/global/networks/safe-vpc-network",
            "peering": "servicenetworking-googleapis-com",
            "reserved_peering_ranges": [
              "dbsubnet"
            ],
            "service": "servicenetworking.googleapis.com",
            "timeouts": null
          },
          "private": "eyJlMmJmYjczMC1lY2FhLTExZTYtOGY4OC0zNDM2M2JjN2M0YzAiOnsiY3JlYXRlIjo2MDAwMDAwMDAwMDAsImRlbGV0ZSI6NjAwMDAwMDAwMDAwLCJ1cGRhdGUiOjYwMDAwMDAwMDAwMH19",
          "dependencies": [
            "google_compute_global_address.private_ip_address",
            "google_compute_network.safe-vpc-network"
          ]
        }
      ]
    },
    {
      "mode": "managed",
      "type": "google_sql_database_instance",
      "name": "instance",
      "provider": "provider[\"registry.terraform.io/hashicorp/google\"]",
      "instances": [
        {
          "schema_version": 0,
          "attributes": {
            "clone": [],
            "connection_name": "gcp-gcpsafecloud-nprd-40978:us-east1:safe-mysql-instance-2598a774",
            "database_version": "MYSQL_5_6",
            "deletion_protection": true,
            "first_ip_address": "10.0.1.5",
            "id": "safe-mysql-instance-2598a774",
            "ip_address": [
              {
                "ip_address": "10.0.1.5",
                "time_to_retire": "",
                "type": "PRIVATE"
              }
            ],
            "master_instance_name": "",
            "name": "safe-mysql-instance-2598a774",
            "private_ip_address": "10.0.1.5",
            "project": "gcp-gcpsafecloud-nprd-40978",
            "public_ip_address": "",
            "region": "us-east1",
            "replica_configuration": [],
            "restore_backup_context": [],
            "root_password": null,
            "self_link": "https://sqladmin.googleapis.com/sql/v1beta4/projects/gcp-gcpsafecloud-nprd-40978/instances/safe-mysql-instance-2598a774",
            "server_ca_cert": [
              {
                "cert": "-----BEGIN CERTIFICATE-----\nMIIDfzCCAmegAwIBAgIBADANBgkqhkiG9w0BAQsFADB3MS0wKwYDVQQuEyRiNzA2\nNGMzOS00NjM2LTQ5NTAtOGQ5NS01ZGE2MmE0NGI2ZjUxIzAhBgNVBAMTGkdvb2ds\nZSBDbG91ZCBTUUwgU2VydmVyIENBMRQwEgYDVQQKEwtHb29nbGUsIEluYzELMAkG\nA1UEBhMCVVMwHhcNMjEwNzA4MTQzNDUzWhcNMzEwNzA2MTQzNTUzWjB3MS0wKwYD\nVQQuEyRiNzA2NGMzOS00NjM2LTQ5NTAtOGQ5NS01ZGE2MmE0NGI2ZjUxIzAhBgNV\nBAMTGkdvb2dsZSBDbG91ZCBTUUwgU2VydmVyIENBMRQwEgYDVQQKEwtHb29nbGUs\nIEluYzELMAkGA1UEBhMCVVMwggEiMA0GCSqGSIb3DQEBAQUAA4IBDwAwggEKAoIB\nAQCdceGOJUq6LWdtmBAJ08RLR/LJMXlIFl+juVHj1KUU5C8A+nCjEXkRETYYeuc/\n4vXc8Lyi4IDFBt3onKBI23d2by7yKpTdT5d4wfaiJccjFmBZ9hknkGskY1XIGpiR\nlbmtNGYsTXc6kReFCWy07o0Y6sDPMUYO5fL+4Wmhj6deMr+dDA3CJSsjWQnNzHGw\nNB/N5q4t6S4P1/ekKgJuq4mh61tD9JX5PDF4zDKQDeOVav2iiU/x6F4s2B9HHY1D\nJJxtlCvLTiNdNWmCkpXl0xZ4hjzfS3CKg/aF2i+/yULunsUvx732SW0ef0CtFpJW\neA+IHTyVQDbLCVQeyvvnRwzPAgMBAAGjFjAUMBIGA1UdEwEB/wQIMAYBAf8CAQAw\nDQYJKoZIhvcNAQELBQADggEBAAs+LCUduvpM+0c7qGFlHRhUBl/V8OMe+U5UV3d5\nHD8AEMc9ylFS+GGtGK1wuB/vf2EgYF1eJXMZwOWu6BLVdjEz0dbNk8TiR8tpUG+9\nI1SN7tEERwKzPqozJkcFaiVB2rVa6tIopOMQmA62fOSa7vJQQ3nFUkB7lTboQbA4\nOgP87vPs6ReOCdENJL6huC0QgDmzq/dkBpaHlwxXYINS0HRQGDYcqAZ2ELxY5+to\nz8Sg8IjbS5TiAZ641yItZMowqjjVGV6FFYBk1r+ZpWmpIfC8bsqKH3L4cDpjcsNu\noLAW0TWGeSeJJBlr5s5l1B2IeqPjflNs7ua2/tJKuJdc5a0=\n-----END CERTIFICATE-----",
                "common_name": "C=US,O=Google\\, Inc,CN=Google Cloud SQL Server CA,dnQualifier=b7064c39-4636-4950-8d95-5da62a44b6f5",
                "create_time": "2021-07-08T14:34:53.296Z",
                "expiration_time": "2031-07-06T14:35:53.296Z",
                "sha1_fingerprint": "6e5e4028502e8ef9feb2827c96b4cd127a24d40d"
              }
            ],
            "service_account_email_address": "p555803557677-4faomb@gcp-sa-cloud-sql.iam.gserviceaccount.com",
            "settings": [
              {
                "activation_policy": "ALWAYS",
                "authorized_gae_applications": [],
                "availability_type": "REGIONAL",
                "backup_configuration": [
                  {
                    "backup_retention_settings": [
                      {
                        "retained_backups": 7,
                        "retention_unit": "COUNT"
                      }
                    ],
                    "binary_log_enabled": true,
                    "enabled": true,
                    "location": "",
                    "point_in_time_recovery_enabled": false,
                    "start_time": "23:00",
                    "transaction_log_retention_days": 7
                  }
                ],
                "crash_safe_replication": false,
                "database_flags": [],
                "disk_autoresize": true,
                "disk_autoresize_limit": 0,
                "disk_size": 10,
                "disk_type": "PD_SSD",
                "insights_config": [],
                "ip_configuration": [
                  {
                    "authorized_networks": [],
                    "ipv4_enabled": false,
                    "private_network": "projects/gcp-gcpsafecloud-nprd-40978/global/networks/safe-vpc-network",
                    "require_ssl": false
                  }
                ],
                "location_preference": [
                  {
                    "follow_gae_application": "",
                    "zone": "us-east1-c"
                  }
                ],
                "maintenance_window": [],
                "pricing_plan": "PER_USE",
                "replication_type": "SYNCHRONOUS",
                "tier": "db-f1-micro",
                "user_labels": {},
                "version": 3
              }
            ],
            "timeouts": null
          }
        }
      ]
    },
    {
      "mode": "managed",
      "type": "random_id",
      "name": "db_name_suffix",
      "provider": "provider[\"registry.terraform.io/hashicorp/random\"]",
      "instances": [
        {
          "schema_version": 0,
          "attributes": {
            "b64_std": "JZindA==",
            "b64_url": "JZindA",
            "byte_length": 4,
            "dec": "630761332",
            "hex": "2598a774",
            "id": "JZindA",
            "keepers": null,
            "prefix": null
          },
          "private": "bnVsbA=="
        }
      ]
    }
  ]
}
